
Microsoft Visual Studio Solution File, Format Version 12.00
# Visual Studio Version 17
VisualStudioVersion = 17.9.34728.123
MinimumVisualStudioVersion = 10.0.40219.1
Project("{FAE04EC0-301F-11D3-BF4B-00C04F79EFBC}") = "GjettTallet", "GjettTallet\GjettTallet.csproj", "{4FE8017E-E524-4AAE-8ED0-08AE2992A661}"
EndProject
Global
	GlobalSection(SolutionConfigurationPlatforms) = preSolution
		Debug|Any CPU = Debug|Any CPU
		Release|Any CPU = Release|Any CPU
	EndGlobalSection
	GlobalSection(ProjectConfigurationPlatforms) = postSolution
		{4FE8017E-E524-4AAE-8ED0-08AE2992A661}.Debug|Any CPU.ActiveCfg = Debug|Any CPU
		{4FE8017E-E524-4AAE-8ED0-08AE2992A661}.Debug|Any CPU.Build.0 = Debug|Any CPU
		{4FE8017E-E524-4AAE-8ED0-08AE2992A661}.Release|Any CPU.ActiveCfg = Release|Any CPU
		{4FE8017E-E524-4AAE-8ED0-08AE2992A661}.Release|Any CPU.Build.0 = Release|Any CPU
	EndGlobalSection
	GlobalSection(SolutionProperties) = preSolution
		HideSolutionNode = FALSE
	EndGlobalSection
	GlobalSection(ExtensibilityGlobals) = postSolution
		SolutionGuid = {38B6E692-41A8-443A-B742-CDE8F78029C1}
	EndGlobalSection
EndGlobal
